
Microsoft Visual Studio Solution File, Format Version 12.00
# Visual Studio Version 16
VisualStudioVersion = 16.0.30503.244
MinimumVisualStudioVersion = 10.0.40219.1
Project("{8BC9CEB8-8B4A-11D0-8D11-00A0C91BC942}") = "зад9", "зад9.vcxproj", "{2E9914AE-EA89-4BB0-A9CE-39147DDFC1AF}"
EndProject
Global
	GlobalSection(SolutionConfigurationPlatforms) = preSolution
		Debug|x64 = Debug|x64
		Debug|x86 = Debug|x86
		Release|x64 = Release|x64
		Release|x86 = Release|x86
	EndGlobalSection
	GlobalSection(ProjectConfigurationPlatforms) = postSolution
		{2E9914AE-EA89-4BB0-A9CE-39147DDFC1AF}.Debug|x64.ActiveCfg = Debug|x64
		{2E9914AE-EA89-4BB0-A9CE-39147DDFC1AF}.Debug|x64.Build.0 = Debug|x64
		{2E9914AE-EA89-4BB0-A9CE-39147DDFC1AF}.Debug|x86.ActiveCfg = Debug|Win32
		{2E9914AE-EA89-4BB0-A9CE-39147DDFC1AF}.Debug|x86.Build.0 = Debug|Win32
		{2E9914AE-EA89-4BB0-A9CE-39147DDFC1AF}.Release|x64.ActiveCfg = Release|x64
		{2E9914AE-EA89-4BB0-A9CE-39147DDFC1AF}.Release|x64.Build.0 = Release|x64
		{2E9914AE-EA89-4BB0-A9CE-39147DDFC1AF}.Release|x86.ActiveCfg = Release|Win32
		{2E9914AE-EA89-4BB0-A9CE-39147DDFC1AF}.Release|x86.Build.0 = Release|Win32
	EndGlobalSection
	GlobalSection(SolutionProperties) = preSolution
		HideSolutionNode = FALSE
	EndGlobalSection
	GlobalSection(ExtensibilityGlobals) = postSolution
		SolutionGuid = {4F954B6A-5D0B-495E-97BC-C8A76CFFDD0B}
	EndGlobalSection
EndGlobal
