
Microsoft Visual Studio Solution File, Format Version 12.00
# Visual Studio Version 16
VisualStudioVersion = 16.0.30503.244
MinimumVisualStudioVersion = 10.0.40219.1
Project("{8BC9CEB8-8B4A-11D0-8D11-00A0C91BC942}") = "метод парабол", "метод парабол.vcxproj", "{CD619E9F-548C-4656-8E71-25158AD49FA5}"
EndProject
Global
	GlobalSection(SolutionConfigurationPlatforms) = preSolution
		Debug|x64 = Debug|x64
		Debug|x86 = Debug|x86
		Release|x64 = Release|x64
		Release|x86 = Release|x86
	EndGlobalSection
	GlobalSection(ProjectConfigurationPlatforms) = postSolution
		{CD619E9F-548C-4656-8E71-25158AD49FA5}.Debug|x64.ActiveCfg = Debug|x64
		{CD619E9F-548C-4656-8E71-25158AD49FA5}.Debug|x64.Build.0 = Debug|x64
		{CD619E9F-548C-4656-8E71-25158AD49FA5}.Debug|x86.ActiveCfg = Debug|Win32
		{CD619E9F-548C-4656-8E71-25158AD49FA5}.Debug|x86.Build.0 = Debug|Win32
		{CD619E9F-548C-4656-8E71-25158AD49FA5}.Release|x64.ActiveCfg = Release|x64
		{CD619E9F-548C-4656-8E71-25158AD49FA5}.Release|x64.Build.0 = Release|x64
		{CD619E9F-548C-4656-8E71-25158AD49FA5}.Release|x86.ActiveCfg = Release|Win32
		{CD619E9F-548C-4656-8E71-25158AD49FA5}.Release|x86.Build.0 = Release|Win32
	EndGlobalSection
	GlobalSection(SolutionProperties) = preSolution
		HideSolutionNode = FALSE
	EndGlobalSection
	GlobalSection(ExtensibilityGlobals) = postSolution
		SolutionGuid = {36E7B920-9CD9-44E4-B514-28754D205F5E}
	EndGlobalSection
EndGlobal
